
Microsoft Visual Studio Solution File, Format Version 12.00
# Visual Studio Version 17
VisualStudioVersion = 17.0.31903.59
MinimumVisualStudioVersion = 10.0.40219.1
Project("{FAE04EC0-301F-11D3-BF4B-00C04F79EFBC}") = "PrevisaoCompras.Worker", "PrevisaoCompras.Worker\PrevisaoCompras.Worker.csproj", "{69949426-D40F-45A1-A833-A2A87D373236}"
EndProject
Project("{FAE04EC0-301F-11D3-BF4B-00C04F79EFBC}") = "PrevisaoCompras.Domain", "PrevisaoCompras.Domain\PrevisaoCompras.Domain.csproj", "{F89F2A66-229C-42FD-AA7E-68E6EEC3EDA7}"
EndProject
Project("{FAE04EC0-301F-11D3-BF4B-00C04F79EFBC}") = "PrevisaoCompras.Persistence", "PrevisaoCompras.Persistence\PrevisaoCompras.Persistence.csproj", "{21D6430A-FAC2-4E36-B561-EC6AF78758EA}"
EndProject
Project("{FAE04EC0-301F-11D3-BF4B-00C04F79EFBC}") = "PrevisaoCompras.Api", "PrevisaoCompras.Api\PrevisaoCompras.Api.csproj", "{844BBD33-242E-4418-BDA3-25566C547D5D}"
EndProject
Global
	GlobalSection(SolutionConfigurationPlatforms) = preSolution
		Debug|Any CPU = Debug|Any CPU
		Debug|x64 = Debug|x64
		Debug|x86 = Debug|x86
		Release|Any CPU = Release|Any CPU
		Release|x64 = Release|x64
		Release|x86 = Release|x86
	EndGlobalSection
	GlobalSection(ProjectConfigurationPlatforms) = postSolution
		{69949426-D40F-45A1-A833-A2A87D373236}.Debug|Any CPU.ActiveCfg = Debug|Any CPU
		{69949426-D40F-45A1-A833-A2A87D373236}.Debug|Any CPU.Build.0 = Debug|Any CPU
		{69949426-D40F-45A1-A833-A2A87D373236}.Debug|x64.ActiveCfg = Debug|Any CPU
		{69949426-D40F-45A1-A833-A2A87D373236}.Debug|x64.Build.0 = Debug|Any CPU
		{69949426-D40F-45A1-A833-A2A87D373236}.Debug|x86.ActiveCfg = Debug|Any CPU
		{69949426-D40F-45A1-A833-A2A87D373236}.Debug|x86.Build.0 = Debug|Any CPU
		{69949426-D40F-45A1-A833-A2A87D373236}.Release|Any CPU.ActiveCfg = Release|Any CPU
		{69949426-D40F-45A1-A833-A2A87D373236}.Release|Any CPU.Build.0 = Release|Any CPU
		{69949426-D40F-45A1-A833-A2A87D373236}.Release|x64.ActiveCfg = Release|Any CPU
		{69949426-D40F-45A1-A833-A2A87D373236}.Release|x64.Build.0 = Release|Any CPU
		{69949426-D40F-45A1-A833-A2A87D373236}.Release|x86.ActiveCfg = Release|Any CPU
		{69949426-D40F-45A1-A833-A2A87D373236}.Release|x86.Build.0 = Release|Any CPU
		{F89F2A66-229C-42FD-AA7E-68E6EEC3EDA7}.Debug|Any CPU.ActiveCfg = Debug|Any CPU
		{F89F2A66-229C-42FD-AA7E-68E6EEC3EDA7}.Debug|Any CPU.Build.0 = Debug|Any CPU
		{F89F2A66-229C-42FD-AA7E-68E6EEC3EDA7}.Debug|x64.ActiveCfg = Debug|Any CPU
		{F89F2A66-229C-42FD-AA7E-68E6EEC3EDA7}.Debug|x64.Build.0 = Debug|Any CPU
		{F89F2A66-229C-42FD-AA7E-68E6EEC3EDA7}.Debug|x86.ActiveCfg = Debug|Any CPU
		{F89F2A66-229C-42FD-AA7E-68E6EEC3EDA7}.Debug|x86.Build.0 = Debug|Any CPU
		{F89F2A66-229C-42FD-AA7E-68E6EEC3EDA7}.Release|Any CPU.ActiveCfg = Release|Any CPU
		{F89F2A66-229C-42FD-AA7E-68E6EEC3EDA7}.Release|Any CPU.Build.0 = Release|Any CPU
		{F89F2A66-229C-42FD-AA7E-68E6EEC3EDA7}.Release|x64.ActiveCfg = Release|Any CPU
		{F89F2A66-229C-42FD-AA7E-68E6EEC3EDA7}.Release|x64.Build.0 = Release|Any CPU
		{F89F2A66-229C-42FD-AA7E-68E6EEC3EDA7}.Release|x86.ActiveCfg = Release|Any CPU
		{F89F2A66-229C-42FD-AA7E-68E6EEC3EDA7}.Release|x86.Build.0 = Release|Any CPU
		{21D6430A-FAC2-4E36-B561-EC6AF78758EA}.Debug|Any CPU.ActiveCfg = Debug|Any CPU
		{21D6430A-FAC2-4E36-B561-EC6AF78758EA}.Debug|Any CPU.Build.0 = Debug|Any CPU
		{21D6430A-FAC2-4E36-B561-EC6AF78758EA}.Debug|x64.ActiveCfg = Debug|Any CPU
		{21D6430A-FAC2-4E36-B561-EC6AF78758EA}.Debug|x64.Build.0 = Debug|Any CPU
		{21D6430A-FAC2-4E36-B561-EC6AF78758EA}.Debug|x86.ActiveCfg = Debug|Any CPU
		{21D6430A-FAC2-4E36-B561-EC6AF78758EA}.Debug|x86.Build.0 = Debug|Any CPU
		{21D6430A-FAC2-4E36-B561-EC6AF78758EA}.Release|Any CPU.ActiveCfg = Release|Any CPU
		{21D6430A-FAC2-4E36-B561-EC6AF78758EA}.Release|Any CPU.Build.0 = Release|Any CPU
		{21D6430A-FAC2-4E36-B561-EC6AF78758EA}.Release|x64.ActiveCfg = Release|Any CPU
		{21D6430A-FAC2-4E36-B561-EC6AF78758EA}.Release|x64.Build.0 = Release|Any CPU
		{21D6430A-FAC2-4E36-B561-EC6AF78758EA}.Release|x86.ActiveCfg = Release|Any CPU
		{21D6430A-FAC2-4E36-B561-EC6AF78758EA}.Release|x86.Build.0 = Release|Any CPU
		{844BBD33-242E-4418-BDA3-25566C547D5D}.Debug|Any CPU.ActiveCfg = Debug|Any CPU
		{844BBD33-242E-4418-BDA3-25566C547D5D}.Debug|Any CPU.Build.0 = Debug|Any CPU
		{844BBD33-242E-4418-BDA3-25566C547D5D}.Debug|x64.ActiveCfg = Debug|Any CPU
		{844BBD33-242E-4418-BDA3-25566C547D5D}.Debug|x64.Build.0 = Debug|Any CPU
		{844BBD33-242E-4418-BDA3-25566C547D5D}.Debug|x86.ActiveCfg = Debug|Any CPU
		{844BBD33-242E-4418-BDA3-25566C547D5D}.Debug|x86.Build.0 = Debug|Any CPU
		{844BBD33-242E-4418-BDA3-25566C547D5D}.Release|Any CPU.ActiveCfg = Release|Any CPU
		{844BBD33-242E-4418-BDA3-25566C547D5D}.Release|Any CPU.Build.0 = Release|Any CPU
		{844BBD33-242E-4418-BDA3-25566C547D5D}.Release|x64.ActiveCfg = Release|Any CPU
		{844BBD33-242E-4418-BDA3-25566C547D5D}.Release|x64.Build.0 = Release|Any CPU
		{844BBD33-242E-4418-BDA3-25566C547D5D}.Release|x86.ActiveCfg = Release|Any CPU
		{844BBD33-242E-4418-BDA3-25566C547D5D}.Release|x86.Build.0 = Release|Any CPU
	EndGlobalSection
	GlobalSection(SolutionProperties) = preSolution
		HideSolutionNode = FALSE
	EndGlobalSection
EndGlobal
